Microsoft Visual Studio Solution File, Format Version 12.00
# Visual Studio 15
VisualStudioVersion = 15.0.27130.2027
MinimumVisualStudioVersion = 10.0.40219.1
Project("{2150E333-8FDC-42A3-9474-1A3956D46DE8}") = "tests", "tests", "{1E0D50D6-F88F-4F2D-B730-B061759ED4B6}"
EndProject
Project("{9A19103F-16F7-4668-BE54-9A1E7A4F7556}") = "iSHARE.EntityFramework", "iSHARE.EntityFramework\iSHARE.EntityFramework.csproj", "{D5F8E7B4-6250-48EE-A2F2-53014E0F1016}"
EndProject
Project("{9A19103F-16F7-4668-BE54-9A1E7A4F7556}") = "iSHARE.Api", "iSHARE.Api\iSHARE.Api.csproj", "{1D7490C9-C5DA-4444-B0CA-2ED85593BE17}"
EndProject
Project("{2150E333-8FDC-42A3-9474-1A3956D46DE8}") = "Solution Items", "Solution Items", "{91C61CD6-A7CC-4414-8A6A-46E7AC238C62}"
	ProjectSection(SolutionItems) = preProject
		README.md = README.md
	EndProjectSection
EndProject
Project("{9A19103F-16F7-4668-BE54-9A1E7A4F7556}") = "iSHARE.IdentityServer", "iSHARE.IdentityServer\iSHARE.IdentityServer.csproj", "{B39D5DBD-94AD-4FF6-9D7E-36871F9A7EC8}"
EndProject
Project("{9A19103F-16F7-4668-BE54-9A1E7A4F7556}") = "iSHARE.AuthorizationRegistry.Api", "iSHARE.AuthorizationRegistry.Api\iSHARE.AuthorizationRegistry.Api.csproj", "{20010756-856B-43FC-9054-953047B7C1A9}"
EndProject
Project("{9A19103F-16F7-4668-BE54-9A1E7A4F7556}") = "iSHARE.AuthorizationRegistry.Core", "iSHARE.AuthorizationRegistry.Core\iSHARE.AuthorizationRegistry.Core.csproj", "{D5439865-1A28-4F4F-93D3-06663C3E886D}"
EndProject
Project("{9A19103F-16F7-4668-BE54-9A1E7A4F7556}") = "iSHARE.AuthorizationRegistry.Data", "iSHARE.AuthorizationRegistry.Data\iSHARE.AuthorizationRegistry.Data.csproj", "{EC4AF094-4892-44E5-9499-9C69E6D6EB74}"
EndProject
Project("{9A19103F-16F7-4668-BE54-9A1E7A4F7556}") = "iSHARE.IdentityServer.Tests", "tests\iSHARE.IdentityServer.Tests\iSHARE.IdentityServer.Tests.csproj", "{C9CA5522-9C5B-4764-A451-A14DE02FE20E}"
EndProject
Project("{9A19103F-16F7-4668-BE54-9A1E7A4F7556}") = "iSHARE.TokenClient", "iSHARE.TokenClient\iSHARE.TokenClient.csproj", "{5429BCC0-F525-45DF-9E75-47258CDAFA6D}"
EndProject
Project("{9A19103F-16F7-4668-BE54-9A1E7A4F7556}") = "iSHARE.AuthorizationRegistry.Core.Tests", "tests\iSHARE.AuthorizationRegistry.Core.Tests\iSHARE.AuthorizationRegistry.Core.Tests.csproj", "{25C85B88-3B05-4932-BF18-9BCE176B54BD}"
EndProject
Project("{9A19103F-16F7-4668-BE54-9A1E7A4F7556}") = "iSHARE.EmailClient", "iSHARE.EmailClient\iSHARE.EmailClient.csproj", "{577FBDBA-2E9C-40E3-A81C-0338BBB49B53}"
EndProject
Project("{9A19103F-16F7-4668-BE54-9A1E7A4F7556}") = "iSHARE.Abstractions", "iSHARE.Abstractions\iSHARE.Abstractions.csproj", "{257C869E-6BBF-4A33-B059-5554812242A5}"
EndProject
Project("{9A19103F-16F7-4668-BE54-9A1E7A4F7556}") = "iSHARE.Models", "iSHARE.Models\iSHARE.Models.csproj", "{DBE5C4DA-44BB-4EBE-8ADE-67EDD7C2D921}"
EndProject
Project("{9A19103F-16F7-4668-BE54-9A1E7A4F7556}") = "iSHARE.AuthorizationRegistry.Client", "iSHARE.AuthorizationRegistry.Client\iSHARE.AuthorizationRegistry.Client.csproj", "{6444D52F-AFC0-49B7-9EFE-044F4BABA9E6}"
EndProject
Project("{9A19103F-16F7-4668-BE54-9A1E7A4F7556}") = "iSHARE.SchemeOwner.Client", "iSHARE.SchemeOwner.Client\iSHARE.SchemeOwner.Client.csproj", "{5B106EA7-FB34-4CD1-BA7D-E481D8A752C4}"
EndProject
Project("{9A19103F-16F7-4668-BE54-9A1E7A4F7556}") = "iSHARE.EmailClient.Tests", "tests\iSHARE.EmailClient.Tests\iSHARE.EmailClient.Tests.csproj", "{E770D711-E90E-4E31-A334-3DEFFFBC326C}"
EndProject
Project("{9A19103F-16F7-4668-BE54-9A1E7A4F7556}") = "iSHARE.Configuration", "iSHARE.Configuration\iSHARE.Configuration.csproj", "{320444ED-AD2F-44C7-8A41-D58D6E36B35F}"
EndProject
Project("{9A19103F-16F7-4668-BE54-9A1E7A4F7556}") = "iSHARE.Identity", "iSHARE.Identity\iSHARE.Identity.csproj", "{281BFEBE-9B42-4842-A8E2-BF809DDA16CA}"
EndProject
Project("{9A19103F-16F7-4668-BE54-9A1E7A4F7556}") = "iSHARE.Identity.Data", "iSHARE.Identity.Data\iSHARE.Identity.Data.csproj", "{0D5236E0-BC1C-4149-A618-693FB3E3C880}"
EndProject
Project("{9A19103F-16F7-4668-BE54-9A1E7A4F7556}") = "iSHARE.IdentityServer.Data", "iSHARE.IdentityServer.Data\iSHARE.IdentityServer.Data.csproj", "{AA5D133A-29FD-423E-93B9-FD7ADE1C3B1C}"
EndProject
Global
	GlobalSection(SolutionConfigurationPlatforms) = preSolution
		Debug|Any CPU = Debug|Any CPU
		Debug|x64 = Debug|x64
		Debug|x86 = Debug|x86
		Release|Any CPU = Release|Any CPU
		Release|x64 = Release|x64
		Release|x86 = Release|x86
	EndGlobalSection
	GlobalSection(ProjectConfigurationPlatforms) = postSolution
		{D5F8E7B4-6250-48EE-A2F2-53014E0F1016}.Debug|Any CPU.ActiveCfg = Debug|Any CPU
		{D5F8E7B4-6250-48EE-A2F2-53014E0F1016}.Debug|Any CPU.Build.0 = Debug|Any CPU
		{D5F8E7B4-6250-48EE-A2F2-53014E0F1016}.Debug|x64.ActiveCfg = Debug|Any CPU
		{D5F8E7B4-6250-48EE-A2F2-53014E0F1016}.Debug|x64.Build.0 = Debug|Any CPU
		{D5F8E7B4-6250-48EE-A2F2-53014E0F1016}.Debug|x86.ActiveCfg = Debug|Any CPU
		{D5F8E7B4-6250-48EE-A2F2-53014E0F1016}.Debug|x86.Build.0 = Debug|Any CPU
		{D5F8E7B4-6250-48EE-A2F2-53014E0F1016}.Release|Any CPU.ActiveCfg = Release|Any CPU
		{D5F8E7B4-6250-48EE-A2F2-53014E0F1016}.Release|Any CPU.Build.0 = Release|Any CPU
		{D5F8E7B4-6250-48EE-A2F2-53014E0F1016}.Release|x64.ActiveCfg = Release|Any CPU
		{D5F8E7B4-6250-48EE-A2F2-53014E0F1016}.Release|x64.Build.0 = Release|Any CPU
		{D5F8E7B4-6250-48EE-A2F2-53014E0F1016}.Release|x86.ActiveCfg = Release|Any CPU
		{D5F8E7B4-6250-48EE-A2F2-53014E0F1016}.Release|x86.Build.0 = Release|Any CPU
		{1D7490C9-C5DA-4444-B0CA-2ED85593BE17}.Debug|Any CPU.ActiveCfg = Debug|Any CPU
		{1D7490C9-C5DA-4444-B0CA-2ED85593BE17}.Debug|Any CPU.Build.0 = Debug|Any CPU
		{1D7490C9-C5DA-4444-B0CA-2ED85593BE17}.Debug|x64.ActiveCfg = Debug|Any CPU
		{1D7490C9-C5DA-4444-B0CA-2ED85593BE17}.Debug|x64.Build.0 = Debug|Any CPU
		{1D7490C9-C5DA-4444-B0CA-2ED85593BE17}.Debug|x86.ActiveCfg = Debug|Any CPU
		{1D7490C9-C5DA-4444-B0CA-2ED85593BE17}.Debug|x86.Build.0 = Debug|Any CPU
		{1D7490C9-C5DA-4444-B0CA-2ED85593BE17}.Release|Any CPU.ActiveCfg = Release|Any CPU
		{1D7490C9-C5DA-4444-B0CA-2ED85593BE17}.Release|Any CPU.Build.0 = Release|Any CPU
		{1D7490C9-C5DA-4444-B0CA-2ED85593BE17}.Release|x64.ActiveCfg = Release|Any CPU
		{1D7490C9-C5DA-4444-B0CA-2ED85593BE17}.Release|x64.Build.0 = Release|Any CPU
		{1D7490C9-C5DA-4444-B0CA-2ED85593BE17}.Release|x86.ActiveCfg = Release|Any CPU
		{1D7490C9-C5DA-4444-B0CA-2ED85593BE17}.Release|x86.Build.0 = Release|Any CPU
		{B39D5DBD-94AD-4FF6-9D7E-36871F9A7EC8}.Debug|Any CPU.ActiveCfg = Debug|Any CPU
		{B39D5DBD-94AD-4FF6-9D7E-36871F9A7EC8}.Debug|Any CPU.Build.0 = Debug|Any CPU
		{B39D5DBD-94AD-4FF6-9D7E-36871F9A7EC8}.Debug|x64.ActiveCfg = Debug|Any CPU
		{B39D5DBD-94AD-4FF6-9D7E-36871F9A7EC8}.Debug|x64.Build.0 = Debug|Any CPU
		{B39D5DBD-94AD-4FF6-9D7E-36871F9A7EC8}.Debug|x86.ActiveCfg = Debug|Any CPU
		{B39D5DBD-94AD-4FF6-9D7E-36871F9A7EC8}.Debug|x86.Build.0 = Debug|Any CPU
		{B39D5DBD-94AD-4FF6-9D7E-36871F9A7EC8}.Release|Any CPU.ActiveCfg = Release|Any CPU
		{B39D5DBD-94AD-4FF6-9D7E-36871F9A7EC8}.Release|Any CPU.Build.0 = Release|Any CPU
		{B39D5DBD-94AD-4FF6-9D7E-36871F9A7EC8}.Release|x64.ActiveCfg = Release|Any CPU
		{B39D5DBD-94AD-4FF6-9D7E-36871F9A7EC8}.Release|x64.Build.0 = Release|Any CPU
		{B39D5DBD-94AD-4FF6-9D7E-36871F9A7EC8}.Release|x86.ActiveCfg = Release|Any CPU
		{B39D5DBD-94AD-4FF6-9D7E-36871F9A7EC8}.Release|x86.Build.0 = Release|Any CPU
		{20010756-856B-43FC-9054-953047B7C1A9}.Debug|Any CPU.ActiveCfg = Debug|Any CPU
		{20010756-856B-43FC-9054-953047B7C1A9}.Debug|Any CPU.Build.0 = Debug|Any CPU
		{20010756-856B-43FC-9054-953047B7C1A9}.Debug|x64.ActiveCfg = Debug|Any CPU
		{20010756-856B-43FC-9054-953047B7C1A9}.Debug|x64.Build.0 = Debug|Any CPU
		{20010756-856B-43FC-9054-953047B7C1A9}.Debug|x86.ActiveCfg = Debug|Any CPU
		{20010756-856B-43FC-9054-953047B7C1A9}.Debug|x86.Build.0 = Debug|Any CPU
		{20010756-856B-43FC-9054-953047B7C1A9}.Release|Any CPU.ActiveCfg = Release|Any CPU
		{20010756-856B-43FC-9054-953047B7C1A9}.Release|Any CPU.Build.0 = Release|Any CPU
		{20010756-856B-43FC-9054-953047B7C1A9}.Release|x64.ActiveCfg = Release|Any CPU
		{20010756-856B-43FC-9054-953047B7C1A9}.Release|x64.Build.0 = Release|Any CPU
		{20010756-856B-43FC-9054-953047B7C1A9}.Release|x86.ActiveCfg = Release|Any CPU
		{20010756-856B-43FC-9054-953047B7C1A9}.Release|x86.Build.0 = Release|Any CPU
		{D5439865-1A28-4F4F-93D3-06663C3E886D}.Debug|Any CPU.ActiveCfg = Debug|Any CPU
		{D5439865-1A28-4F4F-93D3-06663C3E886D}.Debug|Any CPU.Build.0 = Debug|Any CPU
		{D5439865-1A28-4F4F-93D3-06663C3E886D}.Debug|x64.ActiveCfg = Debug|Any CPU
		{D5439865-1A28-4F4F-93D3-06663C3E886D}.Debug|x64.Build.0 = Debug|Any CPU
		{D5439865-1A28-4F4F-93D3-06663C3E886D}.Debug|x86.ActiveCfg = Debug|Any CPU
		{D5439865-1A28-4F4F-93D3-06663C3E886D}.Debug|x86.Build.0 = Debug|Any CPU
		{D5439865-1A28-4F4F-93D3-06663C3E886D}.Release|Any CPU.ActiveCfg = Release|Any CPU
		{D5439865-1A28-4F4F-93D3-06663C3E886D}.Release|Any CPU.Build.0 = Release|Any CPU
		{D5439865-1A28-4F4F-93D3-06663C3E886D}.Release|x64.ActiveCfg = Release|Any CPU
		{D5439865-1A28-4F4F-93D3-06663C3E886D}.Release|x64.Build.0 = Release|Any CPU
		{D5439865-1A28-4F4F-93D3-06663C3E886D}.Release|x86.ActiveCfg = Release|Any CPU
		{D5439865-1A28-4F4F-93D3-06663C3E886D}.Release|x86.Build.0 = Release|Any CPU
		{EC4AF094-4892-44E5-9499-9C69E6D6EB74}.Debug|Any CPU.ActiveCfg = Debug|Any CPU
		{EC4AF094-4892-44E5-9499-9C69E6D6EB74}.Debug|Any CPU.Build.0 = Debug|Any CPU
		{EC4AF094-4892-44E5-9499-9C69E6D6EB74}.Debug|x64.ActiveCfg = Debug|Any CPU
		{EC4AF094-4892-44E5-9499-9C69E6D6EB74}.Debug|x64.Build.0 = Debug|Any CPU
		{EC4AF094-4892-44E5-9499-9C69E6D6EB74}.Debug|x86.ActiveCfg = Debug|Any CPU
		{EC4AF094-4892-44E5-9499-9C69E6D6EB74}.Debug|x86.Build.0 = Debug|Any CPU
		{EC4AF094-4892-44E5-9499-9C69E6D6EB74}.Release|Any CPU.ActiveCfg = Release|Any CPU
		{EC4AF094-4892-44E5-9499-9C69E6D6EB74}.Release|Any CPU.Build.0 = Release|Any CPU
		{EC4AF094-4892-44E5-9499-9C69E6D6EB74}.Release|x64.ActiveCfg = Release|Any CPU
		{EC4AF094-4892-44E5-9499-9C69E6D6EB74}.Release|x64.Build.0 = Release|Any CPU
		{EC4AF094-4892-44E5-9499-9C69E6D6EB74}.Release|x86.ActiveCfg = Release|Any CPU
		{EC4AF094-4892-44E5-9499-9C69E6D6EB74}.Release|x86.Build.0 = Release|Any CPU
		{C9CA5522-9C5B-4764-A451-A14DE02FE20E}.Debug|Any CPU.ActiveCfg = Debug|Any CPU
		{C9CA5522-9C5B-4764-A451-A14DE02FE20E}.Debug|Any CPU.Build.0 = Debug|Any CPU
		{C9CA5522-9C5B-4764-A451-A14DE02FE20E}.Debug|x64.ActiveCfg = Debug|Any CPU
		{C9CA5522-9C5B-4764-A451-A14DE02FE20E}.Debug|x64.Build.0 = Debug|Any CPU
		{C9CA5522-9C5B-4764-A451-A14DE02FE20E}.Debug|x86.ActiveCfg = Debug|Any CPU
		{C9CA5522-9C5B-4764-A451-A14DE02FE20E}.Debug|x86.Build.0 = Debug|Any CPU
		{C9CA5522-9C5B-4764-A451-A14DE02FE20E}.Release|Any CPU.ActiveCfg = Release|Any CPU
		{C9CA5522-9C5B-4764-A451-A14DE02FE20E}.Release|Any CPU.Build.0 = Release|Any CPU
		{C9CA5522-9C5B-4764-A451-A14DE02FE20E}.Release|x64.ActiveCfg = Release|Any CPU
		{C9CA5522-9C5B-4764-A451-A14DE02FE20E}.Release|x64.Build.0 = Release|Any CPU
		{C9CA5522-9C5B-4764-A451-A14DE02FE20E}.Release|x86.ActiveCfg = Release|Any CPU
		{C9CA5522-9C5B-4764-A451-A14DE02FE20E}.Release|x86.Build.0 = Release|Any CPU
		{5429BCC0-F525-45DF-9E75-47258CDAFA6D}.Debug|Any CPU.ActiveCfg = Debug|Any CPU
		{5429BCC0-F525-45DF-9E75-47258CDAFA6D}.Debug|Any CPU.Build.0 = Debug|Any CPU
		{5429BCC0-F525-45DF-9E75-47258CDAFA6D}.Debug|x64.ActiveCfg = Debug|Any CPU
		{5429BCC0-F525-45DF-9E75-47258CDAFA6D}.Debug|x64.Build.0 = Debug|Any CPU
		{5429BCC0-F525-45DF-9E75-47258CDAFA6D}.Debug|x86.ActiveCfg = Debug|Any CPU
		{5429BCC0-F525-45DF-9E75-47258CDAFA6D}.Debug|x86.Build.0 = Debug|Any CPU
		{5429BCC0-F525-45DF-9E75-47258CDAFA6D}.Release|Any CPU.ActiveCfg = Release|Any CPU
		{5429BCC0-F525-45DF-9E75-47258CDAFA6D}.Release|Any CPU.Build.0 = Release|Any CPU
		{5429BCC0-F525-45DF-9E75-47258CDAFA6D}.Release|x64.ActiveCfg = Release|Any CPU
		{5429BCC0-F525-45DF-9E75-47258CDAFA6D}.Release|x64.Build.0 = Release|Any CPU
		{5429BCC0-F525-45DF-9E75-47258CDAFA6D}.Release|x86.ActiveCfg = Release|Any CPU
		{5429BCC0-F525-45DF-9E75-47258CDAFA6D}.Release|x86.Build.0 = Release|Any CPU
		{25C85B88-3B05-4932-BF18-9BCE176B54BD}.Debug|Any CPU.ActiveCfg = Debug|Any CPU
		{25C85B88-3B05-4932-BF18-9BCE176B54BD}.Debug|Any CPU.Build.0 = Debug|Any CPU
		{25C85B88-3B05-4932-BF18-9BCE176B54BD}.Debug|x64.ActiveCfg = Debug|Any CPU
		{25C85B88-3B05-4932-BF18-9BCE176B54BD}.Debug|x64.Build.0 = Debug|Any CPU
		{25C85B88-3B05-4932-BF18-9BCE176B54BD}.Debug|x86.ActiveCfg = Debug|Any CPU
		{25C85B88-3B05-4932-BF18-9BCE176B54BD}.Debug|x86.Build.0 = Debug|Any CPU
		{25C85B88-3B05-4932-BF18-9BCE176B54BD}.Release|Any CPU.ActiveCfg = Release|Any CPU
		{25C85B88-3B05-4932-BF18-9BCE176B54BD}.Release|Any CPU.Build.0 = Release|Any CPU
		{25C85B88-3B05-4932-BF18-9BCE176B54BD}.Release|x64.ActiveCfg = Release|Any CPU
		{25C85B88-3B05-4932-BF18-9BCE176B54BD}.Release|x64.Build.0 = Release|Any CPU
		{25C85B88-3B05-4932-BF18-9BCE176B54BD}.Release|x86.ActiveCfg = Release|Any CPU
		{25C85B88-3B05-4932-BF18-9BCE176B54BD}.Release|x86.Build.0 = Release|Any CPU
		{577FBDBA-2E9C-40E3-A81C-0338BBB49B53}.Debug|Any CPU.ActiveCfg = Debug|Any CPU
		{577FBDBA-2E9C-40E3-A81C-0338BBB49B53}.Debug|Any CPU.Build.0 = Debug|Any CPU
		{577FBDBA-2E9C-40E3-A81C-0338BBB49B53}.Debug|x64.ActiveCfg = Debug|Any CPU
		{577FBDBA-2E9C-40E3-A81C-0338BBB49B53}.Debug|x64.Build.0 = Debug|Any CPU
		{577FBDBA-2E9C-40E3-A81C-0338BBB49B53}.Debug|x86.ActiveCfg = Debug|Any CPU
		{577FBDBA-2E9C-40E3-A81C-0338BBB49B53}.Debug|x86.Build.0 = Debug|Any CPU
		{577FBDBA-2E9C-40E3-A81C-0338BBB49B53}.Release|Any CPU.ActiveCfg = Release|Any CPU
		{577FBDBA-2E9C-40E3-A81C-0338BBB49B53}.Release|Any CPU.Build.0 = Release|Any CPU
		{577FBDBA-2E9C-40E3-A81C-0338BBB49B53}.Release|x64.ActiveCfg = Release|Any CPU
		{577FBDBA-2E9C-40E3-A81C-0338BBB49B53}.Release|x64.Build.0 = Release|Any CPU
		{577FBDBA-2E9C-40E3-A81C-0338BBB49B53}.Release|x86.ActiveCfg = Release|Any CPU
		{577FBDBA-2E9C-40E3-A81C-0338BBB49B53}.Release|x86.Build.0 = Release|Any CPU
		{257C869E-6BBF-4A33-B059-5554812242A5}.Debug|Any CPU.ActiveCfg = Debug|Any CPU
		{257C869E-6BBF-4A33-B059-5554812242A5}.Debug|Any CPU.Build.0 = Debug|Any CPU
		{257C869E-6BBF-4A33-B059-5554812242A5}.Debug|x64.ActiveCfg = Debug|Any CPU
		{257C869E-6BBF-4A33-B059-5554812242A5}.Debug|x64.Build.0 = Debug|Any CPU
		{257C869E-6BBF-4A33-B059-5554812242A5}.Debug|x86.ActiveCfg = Debug|Any CPU
		{257C869E-6BBF-4A33-B059-5554812242A5}.Debug|x86.Build.0 = Debug|Any CPU
		{257C869E-6BBF-4A33-B059-5554812242A5}.Release|Any CPU.ActiveCfg = Release|Any CPU
		{257C869E-6BBF-4A33-B059-5554812242A5}.Release|Any CPU.Build.0 = Release|Any CPU
		{257C869E-6BBF-4A33-B059-5554812242A5}.Release|x64.ActiveCfg = Release|Any CPU
		{257C869E-6BBF-4A33-B059-5554812242A5}.Release|x64.Build.0 = Release|Any CPU
		{257C869E-6BBF-4A33-B059-5554812242A5}.Release|x86.ActiveCfg = Release|Any CPU
		{257C869E-6BBF-4A33-B059-5554812242A5}.Release|x86.Build.0 = Release|Any CPU
		{DBE5C4DA-44BB-4EBE-8ADE-67EDD7C2D921}.Debug|Any CPU.ActiveCfg = Debug|Any CPU
		{DBE5C4DA-44BB-4EBE-8ADE-67EDD7C2D921}.Debug|Any CPU.Build.0 = Debug|Any CPU
		{DBE5C4DA-44BB-4EBE-8ADE-67EDD7C2D921}.Debug|x64.ActiveCfg = Debug|Any CPU
		{DBE5C4DA-44BB-4EBE-8ADE-67EDD7C2D921}.Debug|x64.Build.0 = Debug|Any CPU
		{DBE5C4DA-44BB-4EBE-8ADE-67EDD7C2D921}.Debug|x86.ActiveCfg = Debug|Any CPU
		{DBE5C4DA-44BB-4EBE-8ADE-67EDD7C2D921}.Debug|x86.Build.0 = Debug|Any CPU
		{DBE5C4DA-44BB-4EBE-8ADE-67EDD7C2D921}.Release|Any CPU.ActiveCfg = Release|Any CPU
		{DBE5C4DA-44BB-4EBE-8ADE-67EDD7C2D921}.Release|Any CPU.Build.0 = Release|Any CPU
		{DBE5C4DA-44BB-4EBE-8ADE-67EDD7C2D921}.Release|x64.ActiveCfg = Release|Any CPU
		{DBE5C4DA-44BB-4EBE-8ADE-67EDD7C2D921}.Release|x64.Build.0 = Release|Any CPU
		{DBE5C4DA-44BB-4EBE-8ADE-67EDD7C2D921}.Release|x86.ActiveCfg = Release|Any CPU
		{DBE5C4DA-44BB-4EBE-8ADE-67EDD7C2D921}.Release|x86.Build.0 = Release|Any CPU
		{6444D52F-AFC0-49B7-9EFE-044F4BABA9E6}.Debug|Any CPU.ActiveCfg = Debug|Any CPU
		{6444D52F-AFC0-49B7-9EFE-044F4BABA9E6}.Debug|Any CPU.Build.0 = Debug|Any CPU
		{6444D52F-AFC0-49B7-9EFE-044F4BABA9E6}.Debug|x64.ActiveCfg = Debug|Any CPU
		{6444D52F-AFC0-49B7-9EFE-044F4BABA9E6}.Debug|x64.Build.0 = Debug|Any CPU
		{6444D52F-AFC0-49B7-9EFE-044F4BABA9E6}.Debug|x86.ActiveCfg = Debug|Any CPU
		{6444D52F-AFC0-49B7-9EFE-044F4BABA9E6}.Debug|x86.Build.0 = Debug|Any CPU
		{6444D52F-AFC0-49B7-9EFE-044F4BABA9E6}.Release|Any CPU.ActiveCfg = Release|Any CPU
		{6444D52F-AFC0-49B7-9EFE-044F4BABA9E6}.Release|Any CPU.Build.0 = Release|Any CPU
		{6444D52F-AFC0-49B7-9EFE-044F4BABA9E6}.Release|x64.ActiveCfg = Release|Any CPU
		{6444D52F-AFC0-49B7-9EFE-044F4BABA9E6}.Release|x64.Build.0 = Release|Any CPU
		{6444D52F-AFC0-49B7-9EFE-044F4BABA9E6}.Release|x86.ActiveCfg = Release|Any CPU
		{6444D52F-AFC0-49B7-9EFE-044F4BABA9E6}.Release|x86.Build.0 = Release|Any CPU
		{5B106EA7-FB34-4CD1-BA7D-E481D8A752C4}.Debug|Any CPU.ActiveCfg = Debug|Any CPU
		{5B106EA7-FB34-4CD1-BA7D-E481D8A752C4}.Debug|Any CPU.Build.0 = Debug|Any CPU
		{5B106EA7-FB34-4CD1-BA7D-E481D8A752C4}.Debug|x64.ActiveCfg = Debug|Any CPU
		{5B106EA7-FB34-4CD1-BA7D-E481D8A752C4}.Debug|x64.Build.0 = Debug|Any CPU
		{5B106EA7-FB34-4CD1-BA7D-E481D8A752C4}.Debug|x86.ActiveCfg = Debug|Any CPU
		{5B106EA7-FB34-4CD1-BA7D-E481D8A752C4}.Debug|x86.Build.0 = Debug|Any CPU
		{5B106EA7-FB34-4CD1-BA7D-E481D8A752C4}.Release|Any CPU.ActiveCfg = Release|Any CPU
		{5B106EA7-FB34-4CD1-BA7D-E481D8A752C4}.Release|Any CPU.Build.0 = Release|Any CPU
		{5B106EA7-FB34-4CD1-BA7D-E481D8A752C4}.Release|x64.ActiveCfg = Release|Any CPU
		{5B106EA7-FB34-4CD1-BA7D-E481D8A752C4}.Release|x64.Build.0 = Release|Any CPU
		{5B106EA7-FB34-4CD1-BA7D-E481D8A752C4}.Release|x86.ActiveCfg = Release|Any CPU
		{5B106EA7-FB34-4CD1-BA7D-E481D8A752C4}.Release|x86.Build.0 = Release|Any CPU
		{E770D711-E90E-4E31-A334-3DEFFFBC326C}.Debug|Any CPU.ActiveCfg = Debug|Any CPU
		{E770D711-E90E-4E31-A334-3DEFFFBC326C}.Debug|Any CPU.Build.0 = Debug|Any CPU
		{E770D711-E90E-4E31-A334-3DEFFFBC326C}.Debug|x64.ActiveCfg = Debug|Any CPU
		{E770D711-E90E-4E31-A334-3DEFFFBC326C}.Debug|x64.Build.0 = Debug|Any CPU
		{E770D711-E90E-4E31-A334-3DEFFFBC326C}.Debug|x86.ActiveCfg = Debug|Any CPU
		{E770D711-E90E-4E31-A334-3DEFFFBC326C}.Debug|x86.Build.0 = Debug|Any CPU
		{E770D711-E90E-4E31-A334-3DEFFFBC326C}.Release|Any CPU.ActiveCfg = Release|Any CPU
		{E770D711-E90E-4E31-A334-3DEFFFBC326C}.Release|Any CPU.Build.0 = Release|Any CPU
		{E770D711-E90E-4E31-A334-3DEFFFBC326C}.Release|x64.ActiveCfg = Release|Any CPU
		{E770D711-E90E-4E31-A334-3DEFFFBC326C}.Release|x64.Build.0 = Release|Any CPU
		{E770D711-E90E-4E31-A334-3DEFFFBC326C}.Release|x86.ActiveCfg = Release|Any CPU
		{E770D711-E90E-4E31-A334-3DEFFFBC326C}.Release|x86.Build.0 = Release|Any CPU
		{320444ED-AD2F-44C7-8A41-D58D6E36B35F}.Debug|Any CPU.ActiveCfg = Debug|Any CPU
		{320444ED-AD2F-44C7-8A41-D58D6E36B35F}.Debug|Any CPU.Build.0 = Debug|Any CPU
		{320444ED-AD2F-44C7-8A41-D58D6E36B35F}.Debug|x64.ActiveCfg = Debug|Any CPU
		{320444ED-AD2F-44C7-8A41-D58D6E36B35F}.Debug|x64.Build.0 = Debug|Any CPU
		{320444ED-AD2F-44C7-8A41-D58D6E36B35F}.Debug|x86.ActiveCfg = Debug|Any CPU
		{320444ED-AD2F-44C7-8A41-D58D6E36B35F}.Debug|x86.Build.0 = Debug|Any CPU
		{320444ED-AD2F-44C7-8A41-D58D6E36B35F}.Release|Any CPU.ActiveCfg = Release|Any CPU
		{320444ED-AD2F-44C7-8A41-D58D6E36B35F}.Release|Any CPU.Build.0 = Release|Any CPU
		{320444ED-AD2F-44C7-8A41-D58D6E36B35F}.Release|x64.ActiveCfg = Release|Any CPU
		{320444ED-AD2F-44C7-8A41-D58D6E36B35F}.Release|x64.Build.0 = Release|Any CPU
		{320444ED-AD2F-44C7-8A41-D58D6E36B35F}.Release|x86.ActiveCfg = Release|Any CPU
		{320444ED-AD2F-44C7-8A41-D58D6E36B35F}.Release|x86.Build.0 = Release|Any CPU
		{281BFEBE-9B42-4842-A8E2-BF809DDA16CA}.Debug|Any CPU.ActiveCfg = Debug|Any CPU
		{281BFEBE-9B42-4842-A8E2-BF809DDA16CA}.Debug|Any CPU.Build.0 = Debug|Any CPU
		{281BFEBE-9B42-4842-A8E2-BF809DDA16CA}.Debug|x64.ActiveCfg = Debug|Any CPU
		{281BFEBE-9B42-4842-A8E2-BF809DDA16CA}.Debug|x64.Build.0 = Debug|Any CPU
		{281BFEBE-9B42-4842-A8E2-BF809DDA16CA}.Debug|x86.ActiveCfg = Debug|Any CPU
		{281BFEBE-9B42-4842-A8E2-BF809DDA16CA}.Debug|x86.Build.0 = Debug|Any CPU
		{281BFEBE-9B42-4842-A8E2-BF809DDA16CA}.Release|Any CPU.ActiveCfg = Release|Any CPU
		{281BFEBE-9B42-4842-A8E2-BF809DDA16CA}.Release|Any CPU.Build.0 = Release|Any CPU
		{281BFEBE-9B42-4842-A8E2-BF809DDA16CA}.Release|x64.ActiveCfg = Release|Any CPU
		{281BFEBE-9B42-4842-A8E2-BF809DDA16CA}.Release|x64.Build.0 = Release|Any CPU
		{281BFEBE-9B42-4842-A8E2-BF809DDA16CA}.Release|x86.ActiveCfg = Release|Any CPU
		{281BFEBE-9B42-4842-A8E2-BF809DDA16CA}.Release|x86.Build.0 = Release|Any CPU
		{0D5236E0-BC1C-4149-A618-693FB3E3C880}.Debug|Any CPU.ActiveCfg = Debug|Any CPU
		{0D5236E0-BC1C-4149-A618-693FB3E3C880}.Debug|Any CPU.Build.0 = Debug|Any CPU
		{0D5236E0-BC1C-4149-A618-693FB3E3C880}.Debug|x64.ActiveCfg = Debug|Any CPU
		{0D5236E0-BC1C-4149-A618-693FB3E3C880}.Debug|x64.Build.0 = Debug|Any CPU
		{0D5236E0-BC1C-4149-A618-693FB3E3C880}.Debug|x86.ActiveCfg = Debug|Any CPU
		{0D5236E0-BC1C-4149-A618-693FB3E3C880}.Debug|x86.Build.0 = Debug|Any CPU
		{0D5236E0-BC1C-4149-A618-693FB3E3C880}.Release|Any CPU.ActiveCfg = Release|Any CPU
		{0D5236E0-BC1C-4149-A618-693FB3E3C880}.Release|Any CPU.Build.0 = Release|Any CPU
		{0D5236E0-BC1C-4149-A618-693FB3E3C880}.Release|x64.ActiveCfg = Release|Any CPU
		{0D5236E0-BC1C-4149-A618-693FB3E3C880}.Release|x64.Build.0 = Release|Any CPU
		{0D5236E0-BC1C-4149-A618-693FB3E3C880}.Release|x86.ActiveCfg = Release|Any CPU
		{0D5236E0-BC1C-4149-A618-693FB3E3C880}.Release|x86.Build.0 = Release|Any CPU
		{AA5D133A-29FD-423E-93B9-FD7ADE1C3B1C}.Debug|Any CPU.ActiveCfg = Debug|Any CPU
		{AA5D133A-29FD-423E-93B9-FD7ADE1C3B1C}.Debug|Any CPU.Build.0 = Debug|Any CPU
		{AA5D133A-29FD-423E-93B9-FD7ADE1C3B1C}.Debug|x64.ActiveCfg = Debug|Any CPU
		{AA5D133A-29FD-423E-93B9-FD7ADE1C3B1C}.Debug|x64.Build.0 = Debug|Any CPU
		{AA5D133A-29FD-423E-93B9-FD7ADE1C3B1C}.Debug|x86.ActiveCfg = Debug|Any CPU
		{AA5D133A-29FD-423E-93B9-FD7ADE1C3B1C}.Debug|x86.Build.0 = Debug|Any CPU
		{AA5D133A-29FD-423E-93B9-FD7ADE1C3B1C}.Release|Any CPU.ActiveCfg = Release|Any CPU
		{AA5D133A-29FD-423E-93B9-FD7ADE1C3B1C}.Release|Any CPU.Build.0 = Release|Any CPU
		{AA5D133A-29FD-423E-93B9-FD7ADE1C3B1C}.Release|x64.ActiveCfg = Release|Any CPU
		{AA5D133A-29FD-423E-93B9-FD7ADE1C3B1C}.Release|x64.Build.0 = Release|Any CPU
		{AA5D133A-29FD-423E-93B9-FD7ADE1C3B1C}.Release|x86.ActiveCfg = Release|Any CPU
		{AA5D133A-29FD-423E-93B9-FD7ADE1C3B1C}.Release|x86.Build.0 = Release|Any CPU
	EndGlobalSection
	GlobalSection(SolutionProperties) = preSolution
		HideSolutionNode = FALSE
	EndGlobalSection
	GlobalSection(NestedProjects) = preSolution
		{C9CA5522-9C5B-4764-A451-A14DE02FE20E} = {1E0D50D6-F88F-4F2D-B730-B061759ED4B6}
		{25C85B88-3B05-4932-BF18-9BCE176B54BD} = {1E0D50D6-F88F-4F2D-B730-B061759ED4B6}
		{E770D711-E90E-4E31-A334-3DEFFFBC326C} = {1E0D50D6-F88F-4F2D-B730-B061759ED4B6}
	EndGlobalSection
	GlobalSection(ExtensibilityGlobals) = postSolution
		SolutionGuid = {59BC2826-4786-4ADB-A085-D8129E87F88A}
	EndGlobalSection
EndGlobal
