Microsoft Visual Studio Solution File, Format Version 12.00
# Visual Studio 15
VisualStudioVersion = 15.0.27130.2027
MinimumVisualStudioVersion = 10.0.40219.1
Project("{2150E333-8FDC-42A3-9474-1A3956D46DE8}") = "tests", "tests", "{1E0D50D6-F88F-4F2D-B730-B061759ED4B6}"
EndProject
Project("{9A19103F-16F7-4668-BE54-9A1E7A4F7556}") = "NLIP.iShare.EntityFramework", "NLIP.iShare.EntityFramework\NLIP.iShare.EntityFramework.csproj", "{D5F8E7B4-6250-48EE-A2F2-53014E0F1016}"
EndProject
Project("{9A19103F-16F7-4668-BE54-9A1E7A4F7556}") = "NLIP.iShare.Api", "NLIP.iShare.Api\NLIP.iShare.Api.csproj", "{1D7490C9-C5DA-4444-B0CA-2ED85593BE17}"
EndProject
Project("{2150E333-8FDC-42A3-9474-1A3956D46DE8}") = "Solution Items", "Solution Items", "{91C61CD6-A7CC-4414-8A6A-46E7AC238C62}"
	ProjectSection(SolutionItems) = preProject
		README.md = README.md
	EndProjectSection
EndProject
Project("{9A19103F-16F7-4668-BE54-9A1E7A4F7556}") = "NLIP.iShare.IdentityServer", "NLIP.iShare.IdentityServer\NLIP.iShare.IdentityServer.csproj", "{B39D5DBD-94AD-4FF6-9D7E-36871F9A7EC8}"
EndProject
Project("{9A19103F-16F7-4668-BE54-9A1E7A4F7556}") = "NLIP.iShare.AuthorizationRegistry.Api", "NLIP.iShare.AuthorizationRegistry.Api\NLIP.iShare.AuthorizationRegistry.Api.csproj", "{20010756-856B-43FC-9054-953047B7C1A9}"
EndProject
Project("{9A19103F-16F7-4668-BE54-9A1E7A4F7556}") = "NLIP.iShare.AuthorizationRegistry.Core", "NLIP.iShare.AuthorizationRegistry.Core\NLIP.iShare.AuthorizationRegistry.Core.csproj", "{D5439865-1A28-4F4F-93D3-06663C3E886D}"
EndProject
Project("{9A19103F-16F7-4668-BE54-9A1E7A4F7556}") = "NLIP.iShare.AuthorizationRegistry.Data", "NLIP.iShare.AuthorizationRegistry.Data\NLIP.iShare.AuthorizationRegistry.Data.csproj", "{EC4AF094-4892-44E5-9499-9C69E6D6EB74}"
EndProject
Project("{9A19103F-16F7-4668-BE54-9A1E7A4F7556}") = "NLIP.iShare.AuthorizationRegistry.IdentityServer", "NLIP.iShare.AuthorizationRegistry.IdentityServer\NLIP.iShare.AuthorizationRegistry.IdentityServer.csproj", "{E1CAAF34-38CF-4686-B128-0E15187EB65D}"
EndProject
Project("{9A19103F-16F7-4668-BE54-9A1E7A4F7556}") = "NLIP.iShare.IdentityServer.Tests", "tests\NLIP.iShare.IdentityServer.Tests\NLIP.iShare.IdentityServer.Tests.csproj", "{C9CA5522-9C5B-4764-A451-A14DE02FE20E}"
EndProject
Project("{9A19103F-16F7-4668-BE54-9A1E7A4F7556}") = "NLIP.iShare.TokenClient", "NLIP.iShare.TokenClient\NLIP.iShare.TokenClient.csproj", "{5429BCC0-F525-45DF-9E75-47258CDAFA6D}"
EndProject
Project("{9A19103F-16F7-4668-BE54-9A1E7A4F7556}") = "NLIP.iShare.AuthorizationRegistry.Core.Tests", "tests\NLIP.iShare.AuthorizationRegistry.Core.Tests\NLIP.iShare.AuthorizationRegistry.Core.Tests.csproj", "{25C85B88-3B05-4932-BF18-9BCE176B54BD}"
EndProject
Project("{9A19103F-16F7-4668-BE54-9A1E7A4F7556}") = "NLIP.iShare.EmailClient", "NLIP.iShare.EmailClient\NLIP.iShare.EmailClient.csproj", "{20694EA6-F27C-489B-81A1-0AD4DDE0CE94}"
EndProject
Project("{9A19103F-16F7-4668-BE54-9A1E7A4F7556}") = "NLIP.iShare.Abstractions", "NLIP.iShare.Abstractions\NLIP.iShare.Abstractions.csproj", "{84589F1D-D98A-45E2-B5F6-439D884B6834}"
EndProject
Project("{9A19103F-16F7-4668-BE54-9A1E7A4F7556}") = "NLIP.iShare.Models", "NLIP.iShare.Models\NLIP.iShare.Models.csproj", "{42371E03-558A-4C55-819A-252B1C9F1156}"
EndProject
Project("{9A19103F-16F7-4668-BE54-9A1E7A4F7556}") = "NLIP.iShare.AuthorizationRegistry.Client", "NLIP.iShare.AuthorizationRegistry.Client\NLIP.iShare.AuthorizationRegistry.Client.csproj", "{7ACB8644-C467-488D-A450-DA91276A0DCA}"
EndProject
Project("{9A19103F-16F7-4668-BE54-9A1E7A4F7556}") = "NLIP.iShare.SchemeOwner.Client", "NLIP.iShare.SchemeOwner.Client\NLIP.iShare.SchemeOwner.Client.csproj", "{298171C6-0558-44CD-A2A3-4C32BEF884A8}"
EndProject
Project("{9A19103F-16F7-4668-BE54-9A1E7A4F7556}") = "NLIP.iShare.EmailClient.Tests", "tests\NLIP.iShare.EmailClient.Tests\NLIP.iShare.EmailClient.Tests.csproj", "{DC0FDAD6-D5DA-4F73-9135-96E6E5368780}"
EndProject
Global
	GlobalSection(SolutionConfigurationPlatforms) = preSolution
		Debug|Any CPU = Debug|Any CPU
		Debug|x64 = Debug|x64
		Debug|x86 = Debug|x86
		Release|Any CPU = Release|Any CPU
		Release|x64 = Release|x64
		Release|x86 = Release|x86
	EndGlobalSection
	GlobalSection(ProjectConfigurationPlatforms) = postSolution
		{D5F8E7B4-6250-48EE-A2F2-53014E0F1016}.Debug|Any CPU.ActiveCfg = Debug|Any CPU
		{D5F8E7B4-6250-48EE-A2F2-53014E0F1016}.Debug|Any CPU.Build.0 = Debug|Any CPU
		{D5F8E7B4-6250-48EE-A2F2-53014E0F1016}.Debug|x64.ActiveCfg = Debug|Any CPU
		{D5F8E7B4-6250-48EE-A2F2-53014E0F1016}.Debug|x64.Build.0 = Debug|Any CPU
		{D5F8E7B4-6250-48EE-A2F2-53014E0F1016}.Debug|x86.ActiveCfg = Debug|Any CPU
		{D5F8E7B4-6250-48EE-A2F2-53014E0F1016}.Debug|x86.Build.0 = Debug|Any CPU
		{D5F8E7B4-6250-48EE-A2F2-53014E0F1016}.Release|Any CPU.ActiveCfg = Release|Any CPU
		{D5F8E7B4-6250-48EE-A2F2-53014E0F1016}.Release|Any CPU.Build.0 = Release|Any CPU
		{D5F8E7B4-6250-48EE-A2F2-53014E0F1016}.Release|x64.ActiveCfg = Release|Any CPU
		{D5F8E7B4-6250-48EE-A2F2-53014E0F1016}.Release|x64.Build.0 = Release|Any CPU
		{D5F8E7B4-6250-48EE-A2F2-53014E0F1016}.Release|x86.ActiveCfg = Release|Any CPU
		{D5F8E7B4-6250-48EE-A2F2-53014E0F1016}.Release|x86.Build.0 = Release|Any CPU
		{1D7490C9-C5DA-4444-B0CA-2ED85593BE17}.Debug|Any CPU.ActiveCfg = Debug|Any CPU
		{1D7490C9-C5DA-4444-B0CA-2ED85593BE17}.Debug|Any CPU.Build.0 = Debug|Any CPU
		{1D7490C9-C5DA-4444-B0CA-2ED85593BE17}.Debug|x64.ActiveCfg = Debug|Any CPU
		{1D7490C9-C5DA-4444-B0CA-2ED85593BE17}.Debug|x64.Build.0 = Debug|Any CPU
		{1D7490C9-C5DA-4444-B0CA-2ED85593BE17}.Debug|x86.ActiveCfg = Debug|Any CPU
		{1D7490C9-C5DA-4444-B0CA-2ED85593BE17}.Debug|x86.Build.0 = Debug|Any CPU
		{1D7490C9-C5DA-4444-B0CA-2ED85593BE17}.Release|Any CPU.ActiveCfg = Release|Any CPU
		{1D7490C9-C5DA-4444-B0CA-2ED85593BE17}.Release|Any CPU.Build.0 = Release|Any CPU
		{1D7490C9-C5DA-4444-B0CA-2ED85593BE17}.Release|x64.ActiveCfg = Release|Any CPU
		{1D7490C9-C5DA-4444-B0CA-2ED85593BE17}.Release|x64.Build.0 = Release|Any CPU
		{1D7490C9-C5DA-4444-B0CA-2ED85593BE17}.Release|x86.ActiveCfg = Release|Any CPU
		{1D7490C9-C5DA-4444-B0CA-2ED85593BE17}.Release|x86.Build.0 = Release|Any CPU
		{B39D5DBD-94AD-4FF6-9D7E-36871F9A7EC8}.Debug|Any CPU.ActiveCfg = Debug|Any CPU
		{B39D5DBD-94AD-4FF6-9D7E-36871F9A7EC8}.Debug|Any CPU.Build.0 = Debug|Any CPU
		{B39D5DBD-94AD-4FF6-9D7E-36871F9A7EC8}.Debug|x64.ActiveCfg = Debug|Any CPU
		{B39D5DBD-94AD-4FF6-9D7E-36871F9A7EC8}.Debug|x64.Build.0 = Debug|Any CPU
		{B39D5DBD-94AD-4FF6-9D7E-36871F9A7EC8}.Debug|x86.ActiveCfg = Debug|Any CPU
		{B39D5DBD-94AD-4FF6-9D7E-36871F9A7EC8}.Debug|x86.Build.0 = Debug|Any CPU
		{B39D5DBD-94AD-4FF6-9D7E-36871F9A7EC8}.Release|Any CPU.ActiveCfg = Release|Any CPU
		{B39D5DBD-94AD-4FF6-9D7E-36871F9A7EC8}.Release|Any CPU.Build.0 = Release|Any CPU
		{B39D5DBD-94AD-4FF6-9D7E-36871F9A7EC8}.Release|x64.ActiveCfg = Release|Any CPU
		{B39D5DBD-94AD-4FF6-9D7E-36871F9A7EC8}.Release|x64.Build.0 = Release|Any CPU
		{B39D5DBD-94AD-4FF6-9D7E-36871F9A7EC8}.Release|x86.ActiveCfg = Release|Any CPU
		{B39D5DBD-94AD-4FF6-9D7E-36871F9A7EC8}.Release|x86.Build.0 = Release|Any CPU
		{20010756-856B-43FC-9054-953047B7C1A9}.Debug|Any CPU.ActiveCfg = Debug|Any CPU
		{20010756-856B-43FC-9054-953047B7C1A9}.Debug|Any CPU.Build.0 = Debug|Any CPU
		{20010756-856B-43FC-9054-953047B7C1A9}.Debug|x64.ActiveCfg = Debug|Any CPU
		{20010756-856B-43FC-9054-953047B7C1A9}.Debug|x64.Build.0 = Debug|Any CPU
		{20010756-856B-43FC-9054-953047B7C1A9}.Debug|x86.ActiveCfg = Debug|Any CPU
		{20010756-856B-43FC-9054-953047B7C1A9}.Debug|x86.Build.0 = Debug|Any CPU
		{20010756-856B-43FC-9054-953047B7C1A9}.Release|Any CPU.ActiveCfg = Release|Any CPU
		{20010756-856B-43FC-9054-953047B7C1A9}.Release|Any CPU.Build.0 = Release|Any CPU
		{20010756-856B-43FC-9054-953047B7C1A9}.Release|x64.ActiveCfg = Release|Any CPU
		{20010756-856B-43FC-9054-953047B7C1A9}.Release|x64.Build.0 = Release|Any CPU
		{20010756-856B-43FC-9054-953047B7C1A9}.Release|x86.ActiveCfg = Release|Any CPU
		{20010756-856B-43FC-9054-953047B7C1A9}.Release|x86.Build.0 = Release|Any CPU
		{D5439865-1A28-4F4F-93D3-06663C3E886D}.Debug|Any CPU.ActiveCfg = Debug|Any CPU
		{D5439865-1A28-4F4F-93D3-06663C3E886D}.Debug|Any CPU.Build.0 = Debug|Any CPU
		{D5439865-1A28-4F4F-93D3-06663C3E886D}.Debug|x64.ActiveCfg = Debug|Any CPU
		{D5439865-1A28-4F4F-93D3-06663C3E886D}.Debug|x64.Build.0 = Debug|Any CPU
		{D5439865-1A28-4F4F-93D3-06663C3E886D}.Debug|x86.ActiveCfg = Debug|Any CPU
		{D5439865-1A28-4F4F-93D3-06663C3E886D}.Debug|x86.Build.0 = Debug|Any CPU
		{D5439865-1A28-4F4F-93D3-06663C3E886D}.Release|Any CPU.ActiveCfg = Release|Any CPU
		{D5439865-1A28-4F4F-93D3-06663C3E886D}.Release|Any CPU.Build.0 = Release|Any CPU
		{D5439865-1A28-4F4F-93D3-06663C3E886D}.Release|x64.ActiveCfg = Release|Any CPU
		{D5439865-1A28-4F4F-93D3-06663C3E886D}.Release|x64.Build.0 = Release|Any CPU
		{D5439865-1A28-4F4F-93D3-06663C3E886D}.Release|x86.ActiveCfg = Release|Any CPU
		{D5439865-1A28-4F4F-93D3-06663C3E886D}.Release|x86.Build.0 = Release|Any CPU
		{EC4AF094-4892-44E5-9499-9C69E6D6EB74}.Debug|Any CPU.ActiveCfg = Debug|Any CPU
		{EC4AF094-4892-44E5-9499-9C69E6D6EB74}.Debug|Any CPU.Build.0 = Debug|Any CPU
		{EC4AF094-4892-44E5-9499-9C69E6D6EB74}.Debug|x64.ActiveCfg = Debug|Any CPU
		{EC4AF094-4892-44E5-9499-9C69E6D6EB74}.Debug|x64.Build.0 = Debug|Any CPU
		{EC4AF094-4892-44E5-9499-9C69E6D6EB74}.Debug|x86.ActiveCfg = Debug|Any CPU
		{EC4AF094-4892-44E5-9499-9C69E6D6EB74}.Debug|x86.Build.0 = Debug|Any CPU
		{EC4AF094-4892-44E5-9499-9C69E6D6EB74}.Release|Any CPU.ActiveCfg = Release|Any CPU
		{EC4AF094-4892-44E5-9499-9C69E6D6EB74}.Release|Any CPU.Build.0 = Release|Any CPU
		{EC4AF094-4892-44E5-9499-9C69E6D6EB74}.Release|x64.ActiveCfg = Release|Any CPU
		{EC4AF094-4892-44E5-9499-9C69E6D6EB74}.Release|x64.Build.0 = Release|Any CPU
		{EC4AF094-4892-44E5-9499-9C69E6D6EB74}.Release|x86.ActiveCfg = Release|Any CPU
		{EC4AF094-4892-44E5-9499-9C69E6D6EB74}.Release|x86.Build.0 = Release|Any CPU
		{E1CAAF34-38CF-4686-B128-0E15187EB65D}.Debug|Any CPU.ActiveCfg = Debug|Any CPU
		{E1CAAF34-38CF-4686-B128-0E15187EB65D}.Debug|Any CPU.Build.0 = Debug|Any CPU
		{E1CAAF34-38CF-4686-B128-0E15187EB65D}.Debug|x64.ActiveCfg = Debug|Any CPU
		{E1CAAF34-38CF-4686-B128-0E15187EB65D}.Debug|x64.Build.0 = Debug|Any CPU
		{E1CAAF34-38CF-4686-B128-0E15187EB65D}.Debug|x86.ActiveCfg = Debug|Any CPU
		{E1CAAF34-38CF-4686-B128-0E15187EB65D}.Debug|x86.Build.0 = Debug|Any CPU
		{E1CAAF34-38CF-4686-B128-0E15187EB65D}.Release|Any CPU.ActiveCfg = Release|Any CPU
		{E1CAAF34-38CF-4686-B128-0E15187EB65D}.Release|Any CPU.Build.0 = Release|Any CPU
		{E1CAAF34-38CF-4686-B128-0E15187EB65D}.Release|x64.ActiveCfg = Release|Any CPU
		{E1CAAF34-38CF-4686-B128-0E15187EB65D}.Release|x64.Build.0 = Release|Any CPU
		{E1CAAF34-38CF-4686-B128-0E15187EB65D}.Release|x86.ActiveCfg = Release|Any CPU
		{E1CAAF34-38CF-4686-B128-0E15187EB65D}.Release|x86.Build.0 = Release|Any CPU
		{C9CA5522-9C5B-4764-A451-A14DE02FE20E}.Debug|Any CPU.ActiveCfg = Debug|Any CPU
		{C9CA5522-9C5B-4764-A451-A14DE02FE20E}.Debug|Any CPU.Build.0 = Debug|Any CPU
		{C9CA5522-9C5B-4764-A451-A14DE02FE20E}.Debug|x64.ActiveCfg = Debug|Any CPU
		{C9CA5522-9C5B-4764-A451-A14DE02FE20E}.Debug|x64.Build.0 = Debug|Any CPU
		{C9CA5522-9C5B-4764-A451-A14DE02FE20E}.Debug|x86.ActiveCfg = Debug|Any CPU
		{C9CA5522-9C5B-4764-A451-A14DE02FE20E}.Debug|x86.Build.0 = Debug|Any CPU
		{C9CA5522-9C5B-4764-A451-A14DE02FE20E}.Release|Any CPU.ActiveCfg = Release|Any CPU
		{C9CA5522-9C5B-4764-A451-A14DE02FE20E}.Release|Any CPU.Build.0 = Release|Any CPU
		{C9CA5522-9C5B-4764-A451-A14DE02FE20E}.Release|x64.ActiveCfg = Release|Any CPU
		{C9CA5522-9C5B-4764-A451-A14DE02FE20E}.Release|x64.Build.0 = Release|Any CPU
		{C9CA5522-9C5B-4764-A451-A14DE02FE20E}.Release|x86.ActiveCfg = Release|Any CPU
		{C9CA5522-9C5B-4764-A451-A14DE02FE20E}.Release|x86.Build.0 = Release|Any CPU
		{5429BCC0-F525-45DF-9E75-47258CDAFA6D}.Debug|Any CPU.ActiveCfg = Debug|Any CPU
		{5429BCC0-F525-45DF-9E75-47258CDAFA6D}.Debug|Any CPU.Build.0 = Debug|Any CPU
		{5429BCC0-F525-45DF-9E75-47258CDAFA6D}.Debug|x64.ActiveCfg = Debug|Any CPU
		{5429BCC0-F525-45DF-9E75-47258CDAFA6D}.Debug|x64.Build.0 = Debug|Any CPU
		{5429BCC0-F525-45DF-9E75-47258CDAFA6D}.Debug|x86.ActiveCfg = Debug|Any CPU
		{5429BCC0-F525-45DF-9E75-47258CDAFA6D}.Debug|x86.Build.0 = Debug|Any CPU
		{5429BCC0-F525-45DF-9E75-47258CDAFA6D}.Release|Any CPU.ActiveCfg = Release|Any CPU
		{5429BCC0-F525-45DF-9E75-47258CDAFA6D}.Release|Any CPU.Build.0 = Release|Any CPU
		{5429BCC0-F525-45DF-9E75-47258CDAFA6D}.Release|x64.ActiveCfg = Release|Any CPU
		{5429BCC0-F525-45DF-9E75-47258CDAFA6D}.Release|x64.Build.0 = Release|Any CPU
		{5429BCC0-F525-45DF-9E75-47258CDAFA6D}.Release|x86.ActiveCfg = Release|Any CPU
		{5429BCC0-F525-45DF-9E75-47258CDAFA6D}.Release|x86.Build.0 = Release|Any CPU
		{25C85B88-3B05-4932-BF18-9BCE176B54BD}.Debug|Any CPU.ActiveCfg = Debug|Any CPU
		{25C85B88-3B05-4932-BF18-9BCE176B54BD}.Debug|Any CPU.Build.0 = Debug|Any CPU
		{25C85B88-3B05-4932-BF18-9BCE176B54BD}.Debug|x64.ActiveCfg = Debug|Any CPU
		{25C85B88-3B05-4932-BF18-9BCE176B54BD}.Debug|x64.Build.0 = Debug|Any CPU
		{25C85B88-3B05-4932-BF18-9BCE176B54BD}.Debug|x86.ActiveCfg = Debug|Any CPU
		{25C85B88-3B05-4932-BF18-9BCE176B54BD}.Debug|x86.Build.0 = Debug|Any CPU
		{25C85B88-3B05-4932-BF18-9BCE176B54BD}.Release|Any CPU.ActiveCfg = Release|Any CPU
		{25C85B88-3B05-4932-BF18-9BCE176B54BD}.Release|Any CPU.Build.0 = Release|Any CPU
		{25C85B88-3B05-4932-BF18-9BCE176B54BD}.Release|x64.ActiveCfg = Release|Any CPU
		{25C85B88-3B05-4932-BF18-9BCE176B54BD}.Release|x64.Build.0 = Release|Any CPU
		{25C85B88-3B05-4932-BF18-9BCE176B54BD}.Release|x86.ActiveCfg = Release|Any CPU
		{25C85B88-3B05-4932-BF18-9BCE176B54BD}.Release|x86.Build.0 = Release|Any CPU
		{20694EA6-F27C-489B-81A1-0AD4DDE0CE94}.Debug|Any CPU.ActiveCfg = Debug|Any CPU
		{20694EA6-F27C-489B-81A1-0AD4DDE0CE94}.Debug|Any CPU.Build.0 = Debug|Any CPU
		{20694EA6-F27C-489B-81A1-0AD4DDE0CE94}.Debug|x64.ActiveCfg = Debug|Any CPU
		{20694EA6-F27C-489B-81A1-0AD4DDE0CE94}.Debug|x64.Build.0 = Debug|Any CPU
		{20694EA6-F27C-489B-81A1-0AD4DDE0CE94}.Debug|x86.ActiveCfg = Debug|Any CPU
		{20694EA6-F27C-489B-81A1-0AD4DDE0CE94}.Debug|x86.Build.0 = Debug|Any CPU
		{20694EA6-F27C-489B-81A1-0AD4DDE0CE94}.Release|Any CPU.ActiveCfg = Release|Any CPU
		{20694EA6-F27C-489B-81A1-0AD4DDE0CE94}.Release|Any CPU.Build.0 = Release|Any CPU
		{20694EA6-F27C-489B-81A1-0AD4DDE0CE94}.Release|x64.ActiveCfg = Release|Any CPU
		{20694EA6-F27C-489B-81A1-0AD4DDE0CE94}.Release|x64.Build.0 = Release|Any CPU
		{20694EA6-F27C-489B-81A1-0AD4DDE0CE94}.Release|x86.ActiveCfg = Release|Any CPU
		{20694EA6-F27C-489B-81A1-0AD4DDE0CE94}.Release|x86.Build.0 = Release|Any CPU
		{84589F1D-D98A-45E2-B5F6-439D884B6834}.Debug|Any CPU.ActiveCfg = Debug|Any CPU
		{84589F1D-D98A-45E2-B5F6-439D884B6834}.Debug|Any CPU.Build.0 = Debug|Any CPU
		{84589F1D-D98A-45E2-B5F6-439D884B6834}.Debug|x64.ActiveCfg = Debug|Any CPU
		{84589F1D-D98A-45E2-B5F6-439D884B6834}.Debug|x64.Build.0 = Debug|Any CPU
		{84589F1D-D98A-45E2-B5F6-439D884B6834}.Debug|x86.ActiveCfg = Debug|Any CPU
		{84589F1D-D98A-45E2-B5F6-439D884B6834}.Debug|x86.Build.0 = Debug|Any CPU
		{84589F1D-D98A-45E2-B5F6-439D884B6834}.Release|Any CPU.ActiveCfg = Release|Any CPU
		{84589F1D-D98A-45E2-B5F6-439D884B6834}.Release|Any CPU.Build.0 = Release|Any CPU
		{84589F1D-D98A-45E2-B5F6-439D884B6834}.Release|x64.ActiveCfg = Release|Any CPU
		{84589F1D-D98A-45E2-B5F6-439D884B6834}.Release|x64.Build.0 = Release|Any CPU
		{84589F1D-D98A-45E2-B5F6-439D884B6834}.Release|x86.ActiveCfg = Release|Any CPU
		{84589F1D-D98A-45E2-B5F6-439D884B6834}.Release|x86.Build.0 = Release|Any CPU
		{42371E03-558A-4C55-819A-252B1C9F1156}.Debug|Any CPU.ActiveCfg = Debug|Any CPU
		{42371E03-558A-4C55-819A-252B1C9F1156}.Debug|Any CPU.Build.0 = Debug|Any CPU
		{42371E03-558A-4C55-819A-252B1C9F1156}.Debug|x64.ActiveCfg = Debug|Any CPU
		{42371E03-558A-4C55-819A-252B1C9F1156}.Debug|x64.Build.0 = Debug|Any CPU
		{42371E03-558A-4C55-819A-252B1C9F1156}.Debug|x86.ActiveCfg = Debug|Any CPU
		{42371E03-558A-4C55-819A-252B1C9F1156}.Debug|x86.Build.0 = Debug|Any CPU
		{42371E03-558A-4C55-819A-252B1C9F1156}.Release|Any CPU.ActiveCfg = Release|Any CPU
		{42371E03-558A-4C55-819A-252B1C9F1156}.Release|Any CPU.Build.0 = Release|Any CPU
		{42371E03-558A-4C55-819A-252B1C9F1156}.Release|x64.ActiveCfg = Release|Any CPU
		{42371E03-558A-4C55-819A-252B1C9F1156}.Release|x64.Build.0 = Release|Any CPU
		{42371E03-558A-4C55-819A-252B1C9F1156}.Release|x86.ActiveCfg = Release|Any CPU
		{42371E03-558A-4C55-819A-252B1C9F1156}.Release|x86.Build.0 = Release|Any CPU
		{7ACB8644-C467-488D-A450-DA91276A0DCA}.Debug|Any CPU.ActiveCfg = Debug|Any CPU
		{7ACB8644-C467-488D-A450-DA91276A0DCA}.Debug|Any CPU.Build.0 = Debug|Any CPU
		{7ACB8644-C467-488D-A450-DA91276A0DCA}.Debug|x64.ActiveCfg = Debug|Any CPU
		{7ACB8644-C467-488D-A450-DA91276A0DCA}.Debug|x64.Build.0 = Debug|Any CPU
		{7ACB8644-C467-488D-A450-DA91276A0DCA}.Debug|x86.ActiveCfg = Debug|Any CPU
		{7ACB8644-C467-488D-A450-DA91276A0DCA}.Debug|x86.Build.0 = Debug|Any CPU
		{7ACB8644-C467-488D-A450-DA91276A0DCA}.Release|Any CPU.ActiveCfg = Release|Any CPU
		{7ACB8644-C467-488D-A450-DA91276A0DCA}.Release|Any CPU.Build.0 = Release|Any CPU
		{7ACB8644-C467-488D-A450-DA91276A0DCA}.Release|x64.ActiveCfg = Release|Any CPU
		{7ACB8644-C467-488D-A450-DA91276A0DCA}.Release|x64.Build.0 = Release|Any CPU
		{7ACB8644-C467-488D-A450-DA91276A0DCA}.Release|x86.ActiveCfg = Release|Any CPU
		{7ACB8644-C467-488D-A450-DA91276A0DCA}.Release|x86.Build.0 = Release|Any CPU
		{298171C6-0558-44CD-A2A3-4C32BEF884A8}.Debug|Any CPU.ActiveCfg = Debug|Any CPU
		{298171C6-0558-44CD-A2A3-4C32BEF884A8}.Debug|Any CPU.Build.0 = Debug|Any CPU
		{298171C6-0558-44CD-A2A3-4C32BEF884A8}.Debug|x64.ActiveCfg = Debug|Any CPU
		{298171C6-0558-44CD-A2A3-4C32BEF884A8}.Debug|x64.Build.0 = Debug|Any CPU
		{298171C6-0558-44CD-A2A3-4C32BEF884A8}.Debug|x86.ActiveCfg = Debug|Any CPU
		{298171C6-0558-44CD-A2A3-4C32BEF884A8}.Debug|x86.Build.0 = Debug|Any CPU
		{298171C6-0558-44CD-A2A3-4C32BEF884A8}.Release|Any CPU.ActiveCfg = Release|Any CPU
		{298171C6-0558-44CD-A2A3-4C32BEF884A8}.Release|Any CPU.Build.0 = Release|Any CPU
		{298171C6-0558-44CD-A2A3-4C32BEF884A8}.Release|x64.ActiveCfg = Release|Any CPU
		{298171C6-0558-44CD-A2A3-4C32BEF884A8}.Release|x64.Build.0 = Release|Any CPU
		{298171C6-0558-44CD-A2A3-4C32BEF884A8}.Release|x86.ActiveCfg = Release|Any CPU
		{298171C6-0558-44CD-A2A3-4C32BEF884A8}.Release|x86.Build.0 = Release|Any CPU
		{DC0FDAD6-D5DA-4F73-9135-96E6E5368780}.Debug|Any CPU.ActiveCfg = Debug|Any CPU
		{DC0FDAD6-D5DA-4F73-9135-96E6E5368780}.Debug|Any CPU.Build.0 = Debug|Any CPU
		{DC0FDAD6-D5DA-4F73-9135-96E6E5368780}.Debug|x64.ActiveCfg = Debug|Any CPU
		{DC0FDAD6-D5DA-4F73-9135-96E6E5368780}.Debug|x64.Build.0 = Debug|Any CPU
		{DC0FDAD6-D5DA-4F73-9135-96E6E5368780}.Debug|x86.ActiveCfg = Debug|Any CPU
		{DC0FDAD6-D5DA-4F73-9135-96E6E5368780}.Debug|x86.Build.0 = Debug|Any CPU
		{DC0FDAD6-D5DA-4F73-9135-96E6E5368780}.Release|Any CPU.ActiveCfg = Release|Any CPU
		{DC0FDAD6-D5DA-4F73-9135-96E6E5368780}.Release|Any CPU.Build.0 = Release|Any CPU
		{DC0FDAD6-D5DA-4F73-9135-96E6E5368780}.Release|x64.ActiveCfg = Release|Any CPU
		{DC0FDAD6-D5DA-4F73-9135-96E6E5368780}.Release|x64.Build.0 = Release|Any CPU
		{DC0FDAD6-D5DA-4F73-9135-96E6E5368780}.Release|x86.ActiveCfg = Release|Any CPU
		{DC0FDAD6-D5DA-4F73-9135-96E6E5368780}.Release|x86.Build.0 = Release|Any CPU
	EndGlobalSection
	GlobalSection(SolutionProperties) = preSolution
		HideSolutionNode = FALSE
	EndGlobalSection
	GlobalSection(NestedProjects) = preSolution
		{C9CA5522-9C5B-4764-A451-A14DE02FE20E} = {1E0D50D6-F88F-4F2D-B730-B061759ED4B6}
		{25C85B88-3B05-4932-BF18-9BCE176B54BD} = {1E0D50D6-F88F-4F2D-B730-B061759ED4B6}
		{DC0FDAD6-D5DA-4F73-9135-96E6E5368780} = {1E0D50D6-F88F-4F2D-B730-B061759ED4B6}
	EndGlobalSection
	GlobalSection(ExtensibilityGlobals) = postSolution
		SolutionGuid = {59BC2826-4786-4ADB-A085-D8129E87F88A}
	EndGlobalSection
EndGlobal
